
Microsoft Visual Studio Solution File, Format Version 12.00
# Visual Studio Version 17
VisualStudioVersion = 17.10.34928.147
MinimumVisualStudioVersion = 10.0.40219.1
Project("{FAE04EC0-301F-11D3-BF4B-00C04F79EFBC}") = "MuteChatPlayer", "MuteChatPlayer.csproj", "{6646C0D6-4119-4C70-ADF0-E5040DEDE896}"
EndProject
Global
	GlobalSection(SolutionConfigurationPlatforms) = preSolution
		Debug|Any CPU = Debug|Any CPU
		Release|Any CPU = Release|Any CPU
	EndGlobalSection
	GlobalSection(ProjectConfigurationPlatforms) = postSolution
		{6646C0D6-4119-4C70-ADF0-E5040DEDE896}.Debug|Any CPU.ActiveCfg = Debug|Any CPU
		{6646C0D6-4119-4C70-ADF0-E5040DEDE896}.Debug|Any CPU.Build.0 = Debug|Any CPU
		{6646C0D6-4119-4C70-ADF0-E5040DEDE896}.Release|Any CPU.ActiveCfg = Release|Any CPU
		{6646C0D6-4119-4C70-ADF0-E5040DEDE896}.Release|Any CPU.Build.0 = Release|Any CPU
	EndGlobalSection
	GlobalSection(SolutionProperties) = preSolution
		HideSolutionNode = FALSE
	EndGlobalSection
	GlobalSection(ExtensibilityGlobals) = postSolution
		SolutionGuid = {5BCDDADE-3817-4EC7-AD29-4BFDDF4E91E8}
	EndGlobalSection
EndGlobal
